
Microsoft Visual Studio Solution File, Format Version 12.00
# Visual Studio 15
VisualStudioVersion = 15.0.28010.2026
MinimumVisualStudioVersion = 10.0.40219.1
Project("{FAE04EC0-301F-11D3-BF4B-00C04F79EFBC}") = "Windows.Controls", "Windows.Controls\Windows.Controls.csproj", "{6F6F2ABA-CADB-4FFA-8D4B-88C3C5990EB7}"
EndProject
Project("{FAE04EC0-301F-11D3-BF4B-00C04F79EFBC}") = "ControlsTest", "ControlsTest\ControlsTest.csproj", "{1CE2DC7D-12FA-4A75-96A2-DCF1E748A1B5}"
EndProject
Global
	GlobalSection(SolutionConfigurationPlatforms) = preSolution
		Debug|Any CPU = Debug|Any CPU
		Release|Any CPU = Release|Any CPU
	EndGlobalSection
	GlobalSection(ProjectConfigurationPlatforms) = postSolution
		{6F6F2ABA-CADB-4FFA-8D4B-88C3C5990EB7}.Debug|Any CPU.ActiveCfg = Debug|Any CPU
		{6F6F2ABA-CADB-4FFA-8D4B-88C3C5990EB7}.Debug|Any CPU.Build.0 = Debug|Any CPU
		{6F6F2ABA-CADB-4FFA-8D4B-88C3C5990EB7}.Release|Any CPU.ActiveCfg = Release|Any CPU
		{6F6F2ABA-CADB-4FFA-8D4B-88C3C5990EB7}.Release|Any CPU.Build.0 = Release|Any CPU
		{1CE2DC7D-12FA-4A75-96A2-DCF1E748A1B5}.Debug|Any CPU.ActiveCfg = Debug|Any CPU
		{1CE2DC7D-12FA-4A75-96A2-DCF1E748A1B5}.Debug|Any CPU.Build.0 = Debug|Any CPU
		{1CE2DC7D-12FA-4A75-96A2-DCF1E748A1B5}.Release|Any CPU.ActiveCfg = Release|Any CPU
		{1CE2DC7D-12FA-4A75-96A2-DCF1E748A1B5}.Release|Any CPU.Build.0 = Release|Any CPU
	EndGlobalSection
	GlobalSection(SolutionProperties) = preSolution
		HideSolutionNode = FALSE
	EndGlobalSection
	GlobalSection(ExtensibilityGlobals) = postSolution
		SolutionGuid = {CBE3699A-D5EA-4F6B-848D-345D83B3713C}
	EndGlobalSection
EndGlobal
